# THIS IS AN AUTOGENERATED FILE. DO NOT EDIT THIS FILE DIRECTLY.
# yarn lockfile v1


"@0x/assert@^3.0.23":
  version "3.0.23"
  resolved "https://registry.npmjs.org/@0x/assert/-/assert-3.0.23.tgz#f646992270833390ed18cf0e567a84794e8c5ad6"
  integrity sha512-hf00higJw+ZNmWSVVAGuX1Os7SqHcwKwxOHPDxrHgAcIUgpTbT/Cz11Jv7NDGDO+Qwuvj5ZP+NtPOJxylRn2eQ==
  dependencies:
    "@0x/json-schemas" "^6.0.1"
    "@0x/typescript-typings" "^5.1.7"
    "@0x/utils" "^6.3.0"
    "@types/node" "12.12.54"
    lodash "^4.17.11"
    valid-url "^1.0.9"

"@0x/dev-utils@^4.2.3":
  version "4.2.3"
  resolved "https://registry.npmjs.org/@0x/dev-utils/-/dev-utils-4.2.3.tgz#6445c74ce36f1a0c005d142356acdb86df1213fe"
  integrity sha512-gpP5Lv+0RUPHmX5rUWDjGL0yCSs8v5B6+KOipFg3ezmDXixIkwnIr6s+3pZYXEGSlXBjO4D+QltE9rXFXjpmyQ==
  dependencies:
    "@0x/subproviders" "^6.4.3"
    "@0x/types" "^3.3.2"
    "@0x/typescript-typings" "^5.1.7"
    "@0x/utils" "^6.3.0"
    "@0x/web3-wrapper" "^7.4.3"
    "@types/node" "12.12.54"
    "@types/web3-provider-engine" "^14.0.0"
    chai "^4.0.1"
    chai-as-promised "^7.1.0"
    chai-bignumber "^3.0.0"
    dirty-chai "^2.0.1"
    ethereum-types "^3.4.1"
    lodash "^4.17.11"
    web3-provider-engine "14.0.6"

"@0x/json-schemas@^6.0.1":
  version "6.0.1"
  resolved "https://registry.npmjs.org/@0x/json-schemas/-/json-schemas-6.0.1.tgz#6318356ee1d12fbe1a657eaba6ece1941fbf90ee"
  integrity sha512-JSM4Do8XCJ0FK5NgU+s37xNTigEKelyIlQfMWTJFLSJRuOaDaWW6nFYZb+/trIcyFu2fQO9BmU6fNiVwyL1xLA==
  dependencies:
    "@0x/typescript-typings" "^5.1.7"
    "@types/node" "12.12.54"
    ajv "^6.12.5"
    lodash.values "^4.3.0"

"@0x/sol-compiler@^4.0.8", "@0x/sol-compiler@^4.6.3":
  version "4.6.3"
  resolved "https://registry.npmjs.org/@0x/sol-compiler/-/sol-compiler-4.6.3.tgz#ce3dd0c83944a1bcfb71bda7aa8603c021c38ce5"
  integrity sha512-o2TVEFQZWc51Kk2M721SarrPI5ReKfhz1xnscP9fcf96/dZGQPFqrfX736DHQQlCltW1bTkSnR603WWE3pOPLg==
  dependencies:
    "@0x/assert" "^3.0.23"
    "@0x/json-schemas" "^6.0.1"
    "@0x/sol-resolver" "^3.1.7"
    "@0x/types" "^3.3.2"
    "@0x/typescript-typings" "^5.1.7"
    "@0x/utils" "^6.3.0"
    "@0x/web3-wrapper" "^7.4.3"
    "@types/node" "12.12.54"
    "@types/yargs" "^11.0.0"
    chalk "^2.3.0"
    chokidar "^3.0.2"
    ethereum-types "^3.4.1"
    ethereumjs-util "^5.1.1"
    lodash "^4.17.11"
    mkdirp "^0.5.1"
    pluralize "^7.0.0"
    require-from-string "^2.0.1"
    semver "5.5.0"
    solc "^0.5.5"
    source-map-support "^0.5.0"
    strip-comments "^2.0.1"
    web3-eth-abi "^1.0.0-beta.24"
    yargs "^10.0.3"

"@0x/sol-resolver@^3.1.7":
  version "3.1.7"
  resolved "https://registry.npmjs.org/@0x/sol-resolver/-/sol-resolver-3.1.7.tgz#951edb740c216ab616c5ddb313da1c1a4d007a5f"
  integrity sha512-huJCcrRSXhpocBJFlER8JgcBScJG65b0scT3v+qqgj/ph6Y/pGOowUUvhgmtCh8Gvw0HZQPmcljY/unH/X7jHA==
  dependencies:
    "@0x/types" "^3.3.2"
    "@0x/typescript-typings" "^5.1.7"
    "@types/node" "12.12.54"
    lodash "^4.17.11"

"@0x/sol-trace@^3.0.7":
  version "3.0.33"
  resolved "https://registry.npmjs.org/@0x/sol-trace/-/sol-trace-3.0.33.tgz#aea6f51e8b274fc096d0ee5065058729f0214375"
  integrity sha512-/ki2LUaTmpjM/GWpL5/hq2MsKm47YtnWXGczk0Hc4CVPxyvvYCrtSUzQmKZKiX4C7kc+wg9lXRtclFwRY6N6ZQ==
  dependencies:
    "@0x/sol-tracing-utils" "^7.1.23"
    "@0x/subproviders" "^6.4.3"
    "@0x/typescript-typings" "^5.1.7"
    "@types/node" "12.12.54"
    chalk "^2.3.0"
    ethereum-types "^3.4.1"
    ethereumjs-util "^5.1.1"
    lodash "^4.17.11"
    loglevel "^1.6.1"
    web3-provider-engine "14.0.6"

"@0x/sol-tracing-utils@^7.1.23":
  version "7.1.23"
  resolved "https://registry.npmjs.org/@0x/sol-tracing-utils/-/sol-tracing-utils-7.1.23.tgz#fbdc9c4cf729beb334ee7da9f204d0a3f1b24b3a"
  integrity sha512-BUTl5gjm3UhZsxhLzJrd0zmpmC5w+kTB0D741nv61U3AXiNdwBAHJjvwCVL14PeyfYdnHwjPsvghvIQXbFGZVQ==
  dependencies:
    "@0x/dev-utils" "^4.2.3"
    "@0x/sol-compiler" "^4.6.3"
    "@0x/sol-resolver" "^3.1.7"
    "@0x/subproviders" "^6.4.3"
    "@0x/typescript-typings" "^5.1.7"
    "@0x/utils" "^6.3.0"
    "@0x/web3-wrapper" "^7.4.3"
    "@types/node" "12.12.54"
    "@types/solidity-parser-antlr" "^0.2.3"
    chalk "^2.3.0"
    ethereum-types "^3.4.1"
    ethereumjs-util "^5.1.1"
    ethers "~4.0.4"
    glob "^7.1.2"
    istanbul "^0.4.5"
    lodash "^4.17.11"
    loglevel "^1.6.1"
    mkdirp "^0.5.1"
    rimraf "^2.6.2"
    semaphore-async-await "^1.5.1"
    solc "^0.5.5"
    solidity-parser-antlr "^0.4.2"

"@0x/subproviders@^6.1.1", "@0x/subproviders@^6.4.3":
  version "6.4.3"
  resolved "https://registry.npmjs.org/@0x/subproviders/-/subproviders-6.4.3.tgz#7105868c85c7b55c4ee4d446a3fd18c69449ac71"
  integrity sha512-uK7eKWYRPyZVTRs5i2bUOpPQ3hpWiTsOD7jjWlOx/LYCftqpf5ZNnpExDUaP79wb/aVg6exA2m8xu367d+gHoA==
  dependencies:
    "@0x/assert" "^3.0.23"
    "@0x/types" "^3.3.2"
    "@0x/typescript-typings" "^5.1.7"
    "@0x/utils" "^6.3.0"
    "@0x/web3-wrapper" "^7.4.3"
    "@ledgerhq/hw-app-eth" "^4.3.0"
    "@ledgerhq/hw-transport-u2f" "4.24.0"
    "@types/hdkey" "^0.7.0"
    "@types/node" "12.12.54"
    "@types/web3-provider-engine" "^14.0.0"
    bip39 "^2.5.0"
    bn.js "^4.11.8"
    ethereum-types "^3.4.1"
    ethereumjs-tx "^1.3.5"
    ethereumjs-util "^5.1.1"
    ganache-core "^2.13.2"
    hdkey "^0.7.1"
    json-rpc-error "2.0.0"
    lodash "^4.17.11"
    semaphore-async-await "^1.5.1"
    web3-provider-engine "14.0.6"
  optionalDependencies:
    "@ledgerhq/hw-transport-node-hid" "^4.3.0"

"@0x/types@^3.3.2":
  version "3.3.2"
  resolved "https://registry.npmjs.org/@0x/types/-/types-3.3.2.tgz#a35b61a1ffe6d735251f02055763bcb3d2aeeac8"
  integrity sha512-Ni7AGdroA9H88Q3o/CEaLpsQxhuNWA9VYWr1XyNU3kwh274k7B1eqTRT3sa7s8afFp5t6pQcRZqpws2teRfSzw==
  dependencies:
    "@types/node" "12.12.54"
    bignumber.js "~9.0.0"
    ethereum-types "^3.4.1"

"@0x/typescript-typings@^5.1.7":
  version "5.1.7"
  resolved "https://registry.npmjs.org/@0x/typescript-typings/-/typescript-typings-5.1.7.tgz#9199c7084bcf6917b1254701243feaf9838b0427"
  integrity sha512-3hWvoYcja7/lKoK46WZzIWKH4vQrU6J6eKAJypvUk8il5+Ff+CUQrVcmsLZRd8T47E6PFosOocEs2XAKz0/zKA==
  dependencies:
    "@types/bn.js" "^4.11.0"
    "@types/node" "12.12.54"
    "@types/react" "*"
    bignumber.js "~9.0.0"
    ethereum-types "^3.4.1"
    popper.js "1.14.3"

"@0x/utils@^6.3.0":
  version "6.3.0"
  resolved "https://registry.npmjs.org/@0x/utils/-/utils-6.3.0.tgz#7c9183e6e725fa32fb81a7de0e371917cf64251a"
  integrity sha512-I3eIvEYnKVsXDQv7dKRBHxRg9a4thDxmvGTEeT9wCsodjaHn5tTYmrkkfUiKFPQ8HEvdenTasPAPI2Y83rMdzA==
  dependencies:
    "@0x/types" "^3.3.2"
    "@0x/typescript-typings" "^5.1.7"
    "@types/mocha" "^5.2.7"
    "@types/node" "12.12.54"
    abortcontroller-polyfill "^1.1.9"
    bignumber.js "~9.0.0"
    chalk "^2.3.0"
    detect-node "2.0.3"
    ethereum-types "^3.4.1"
    ethereumjs-util "^5.1.1"
    ethers "~4.0.4"
    isomorphic-fetch "2.2.1"
    js-sha3 "^0.7.0"
    lodash "^4.17.11"

"@0x/web3-wrapper@^7.4.3":
  version "7.4.3"
  resolved "https://registry.npmjs.org/@0x/web3-wrapper/-/web3-wrapper-7.4.3.tgz#f071dce27178d24a7bce37a125ec4e3c9f4293de"
  integrity sha512-uwxaoEE4cGIRmz2vD/DRf8p9CEPmt1fIvfyykamlROKfAvXcIZlVUQZyoMCp2mN1WsoYxBFFAbTrkVmT+gTiFA==
  dependencies:
    "@0x/assert" "^3.0.23"
    "@0x/json-schemas" "^6.0.1"
    "@0x/typescript-typings" "^5.1.7"
    "@0x/utils" "^6.3.0"
    "@types/node" "12.12.54"
    ethereum-types "^3.4.1"
    ethereumjs-util "^5.1.1"
    ethers "~4.0.4"
    lodash "^4.17.11"

"@babel/code-frame@^7.0.0":
  version "7.8.3"
  resolved "https://registry.npmjs.org/@babel/code-frame/-/code-frame-7.8.3.tgz#33e25903d7481181534e12ec0a25f16b6fcf419e"
  integrity sha512-a9gxpmdXtZEInkCSHUJDLHZVBgb1QS0jhss4cPP93EW7s+uC5bikET2twEF3KV+7rDblJcmNvTR7VJejqd2C2g==
  dependencies:
    "@babel/highlight" "^7.8.3"

"@babel/code-frame@^7.12.13":
  version "7.12.13"
  resolved "https://registry.npmjs.org/@babel/code-frame/-/code-frame-7.12.13.tgz#dcfc826beef65e75c50e21d3837d7d95798dd658"
  integrity sha512-HV1Cm0Q3ZrpCR93tkWOYiuYIgLxZXZFVG2VgK+MBWjUqZTundupbfx2aXarXuw5Ko5aMcjtJgbSs4vUGBS5v6g==
  dependencies:
    "@babel/highlight" "^7.12.13"

"@babel/compat-data@^7.13.11", "@babel/compat-data@^7.13.15", "@babel/compat-data@^7.13.8":
  version "7.13.15"
  resolved "https://registry.npmjs.org/@babel/compat-data/-/compat-data-7.13.15.tgz#7e8eea42d0b64fda2b375b22d06c605222e848f4"
  integrity sha512-ltnibHKR1VnrU4ymHyQ/CXtNXI6yZC0oJThyW78Hft8XndANwi+9H+UIklBDraIjFEJzw8wmcM427oDd9KS5wA==

"@babel/core@^7.0.0", "@babel/core@^7.0.1", "@babel/core@^7.1.0", "@babel/core@^7.7.4", "@babel/core@^7.7.5":
  version "7.13.16"
  resolved "https://registry.npmjs.org/@babel/core/-/core-7.13.16.tgz#7756ab24396cc9675f1c3fcd5b79fcce192ea96a"
  integrity sha512-sXHpixBiWWFti0AV2Zq7avpTasr6sIAu7Y396c608541qAU2ui4a193m0KSQmfPSKFZLnQ3cvlKDOm3XkuXm3Q==
  dependencies:
    "@babel/code-frame" "^7.12.13"
    "@babel/generator" "^7.13.16"
    "@babel/helper-compilation-targets" "^7.13.16"
    "@babel/helper-module-transforms" "^7.13.14"
    "@babel/helpers" "^7.13.16"
    "@babel/parser" "^7.13.16"
    "@babel/template" "^7.12.13"
    "@babel/traverse" "^7.13.15"
    "@babel/types" "^7.13.16"
    convert-source-map "^1.7.0"
    debug "^4.1.0"
    gensync "^1.0.0-beta.2"
    json5 "^2.1.2"
    semver "^6.3.0"
    source-map "^0.5.0"

"@babel/generator@^7.13.16":
  version "7.13.16"
  resolved "https://registry.npmjs.org/@babel/generator/-/generator-7.13.16.tgz#0befc287031a201d84cdfc173b46b320ae472d14"
  integrity sha512-grBBR75UnKOcUWMp8WoDxNsWCFl//XCK6HWTrBQKTr5SV9f5g0pNOjdyzi/DTBv12S9GnYPInIXQBTky7OXEMg==
  dependencies:
    "@babel/types" "^7.13.16"
    jsesc "^2.5.1"
    source-map "^0.5.0"

"@babel/helper-annotate-as-pure@^7.10.4", "@babel/helper-annotate-as-pure@^7.12.13":
  version "7.12.13"
  resolved "https://registry.npmjs.org/@babel/helper-annotate-as-pure/-/helper-annotate-as-pure-7.12.13.tgz#0f58e86dfc4bb3b1fcd7db806570e177d439b6ab"
  integrity sha512-7YXfX5wQ5aYM/BOlbSccHDbuXXFPxeoUmfWtz8le2yTkTZc+BxsiEnENFoi2SlmA8ewDkG2LgIMIVzzn2h8kfw==
  dependencies:
    "@babel/types" "^7.12.13"

"@babel/helper-builder-binary-assignment-operator-visitor@^7.12.13":
  version "7.12.13"
  resolved "https://registry.npmjs.org/@babel/helper-builder-binary-assignment-operator-visitor/-/helper-builder-binary-assignment-operator-visitor-7.12.13.tgz#6bc20361c88b0a74d05137a65cac8d3cbf6f61fc"
  integrity sha512-CZOv9tGphhDRlVjVkAgm8Nhklm9RzSmWpX2my+t7Ua/KT616pEzXsQCjinzvkRvHWJ9itO4f296efroX23XCMA==
  dependencies:
    "@babel/helper-explode-assignable-expression" "^7.12.13"
    "@babel/types" "^7.12.13"

"@babel/helper-compilation-targets@^7.13.0", "@babel/helper-compilation-targets@^7.13.13", "@babel/helper-compilation-targets@^7.13.16", "@babel/helper-compilation-targets@^7.13.8":
  version "7.13.16"
  resolved "https://registry.npmjs.org/@babel/helper-compilation-targets/-/helper-compilation-targets-7.13.16.tgz#6e91dccf15e3f43e5556dffe32d860109887563c"
  integrity sha512-3gmkYIrpqsLlieFwjkGgLaSHmhnvlAYzZLlYVjlW+QwI+1zE17kGxuJGmIqDQdYp56XdmGeD+Bswx0UTyG18xA==
  dependencies:
    "@babel/compat-data" "^7.13.15"
    "@babel/helper-validator-option" "^7.12.17"
    browserslist "^4.14.5"
    semver "^6.3.0"

"@babel/helper-create-class-features-plugin@^7.13.0", "@babel/helper-create-class-features-plugin@^7.13.11":
  version "7.13.11"
  resolved "https://registry.npmjs.org/@babel/helper-create-class-features-plugin/-/helper-create-class-features-plugin-7.13.11.tgz#30d30a005bca2c953f5653fc25091a492177f4f6"
  integrity sha512-ays0I7XYq9xbjCSvT+EvysLgfc3tOkwCULHjrnscGT3A9qD4sk3wXnJ3of0MAWsWGjdinFvajHU2smYuqXKMrw==
  dependencies:
    "@babel/helper-function-name" "^7.12.13"
    "@babel/helper-member-expression-to-functions" "^7.13.0"
    "@babel/helper-optimise-call-expression" "^7.12.13"
    "@babel/helper-replace-supers" "^7.13.0"
    "@babel/helper-split-export-declaration" "^7.12.13"

"@babel/helper-create-regexp-features-plugin@^7.12.13":
  version "7.12.17"
  resolved "https://registry.npmjs.org/@babel/helper-create-regexp-features-plugin/-/helper-create-regexp-features-plugin-7.12.17.tgz#a2ac87e9e319269ac655b8d4415e94d38d663cb7"
  integrity sha512-p2VGmBu9oefLZ2nQpgnEnG0ZlRPvL8gAGvPUMQwUdaE8k49rOMuZpOwdQoy5qJf6K8jL3bcAMhVUlHAjIgJHUg==
  dependencies:
    "@babel/helper-annotate-as-pure" "^7.12.13"
    regexpu-core "^4.7.1"

"@babel/helper-define-polyfill-provider@^0.2.0":
  version "0.2.0"
  resolved "https://registry.npmjs.org/@babel/helper-define-polyfill-provider/-/helper-define-polyfill-provider-0.2.0.tgz#a640051772045fedaaecc6f0c6c69f02bdd34bf1"
  integrity sha512-JT8tHuFjKBo8NnaUbblz7mIu1nnvUDiHVjXXkulZULyidvo/7P6TY7+YqpV37IfF+KUFxmlK04elKtGKXaiVgw==
  dependencies:
    "@babel/helper-compilation-targets" "^7.13.0"
    "@babel/helper-module-imports" "^7.12.13"
    "@babel/helper-plugin-utils" "^7.13.0"
    "@babel/traverse" "^7.13.0"
    debug "^4.1.1"
    lodash.debounce "^4.0.8"
    resolve "^1.14.2"
    semver "^6.1.2"

"@babel/helper-explode-assignable-expression@^7.12.13":
  version "7.13.0"
  resolved "https://registry.npmjs.org/@babel/helper-explode-assignable-expression/-/helper-explode-assignable-expression-7.13.0.tgz#17b5c59ff473d9f956f40ef570cf3a76ca12657f"
  integrity sha512-qS0peLTDP8kOisG1blKbaoBg/o9OSa1qoumMjTK5pM+KDTtpxpsiubnCGP34vK8BXGcb2M9eigwgvoJryrzwWA==
  dependencies:
    "@babel/types" "^7.13.0"

"@babel/helper-function-name@^7.12.13":
  version "7.12.13"
  resolved "https://registry.npmjs.org/@babel/helper-function-name/-/helper-function-name-7.12.13.tgz#93ad656db3c3c2232559fd7b2c3dbdcbe0eb377a"
  integrity sha512-TZvmPn0UOqmvi5G4vvw0qZTpVptGkB1GL61R6lKvrSdIxGm5Pky7Q3fpKiIkQCAtRCBUwB0PaThlx9vebCDSwA==
  dependencies:
    "@babel/helper-get-function-arity" "^7.12.13"
    "@babel/template" "^7.12.13"
    "@babel/types" "^7.12.13"

"@babel/helper-get-function-arity@^7.12.13":
  version "7.12.13"
  resolved "https://registry.npmjs.org/@babel/helper-get-function-arity/-/helper-get-function-arity-7.12.13.tgz#bc63451d403a3b3082b97e1d8b3fe5bd4091e583"
  integrity sha512-DjEVzQNz5LICkzN0REdpD5prGoidvbdYk1BVgRUOINaWJP2t6avB27X1guXK1kXNrX0WMfsrm1A/ZBthYuIMQg==
  dependencies:
    "@babel/types" "^7.12.13"

"@babel/helper-hoist-variables@^7.13.0":
  version "7.13.16"
  resolved "https://registry.npmjs.org/@babel/helper-hoist-variables/-/helper-hoist-variables-7.13.16.tgz#1b1651249e94b51f8f0d33439843e33e39775b30"
  integrity sha512-1eMtTrXtrwscjcAeO4BVK+vvkxaLJSPFz1w1KLawz6HLNi9bPFGBNwwDyVfiu1Tv/vRRFYfoGaKhmAQPGPn5Wg==
  dependencies:
    "@babel/traverse" "^7.13.15"
    "@babel/types" "^7.13.16"

"@babel/helper-member-expression-to-functions@^7.13.0", "@babel/helper-member-expression-to-functions@^7.13.12":
  version "7.13.12"
  resolved "https://registry.npmjs.org/@babel/helper-member-expression-to-functions/-/helper-member-expression-to-functions-7.13.12.tgz#dfe368f26d426a07299d8d6513821768216e6d72"
  integrity sha512-48ql1CLL59aKbU94Y88Xgb2VFy7a95ykGRbJJaaVv+LX5U8wFpLfiGXJJGUozsmA1oEh/o5Bp60Voq7ACyA/Sw==
  dependencies:
    "@babel/types" "^7.13.12"

"@babel/helper-module-imports@^7.0.0", "@babel/helper-module-imports@^7.12.13", "@babel/helper-module-imports@^7.13.12":
  version "7.13.12"
  resolved "https://registry.npmjs.org/@babel/helper-module-imports/-/helper-module-imports-7.13.12.tgz#c6a369a6f3621cb25da014078684da9196b61977"
  integrity sha512-4cVvR2/1B693IuOvSI20xqqa/+bl7lqAMR59R4iu39R9aOX8/JoYY1sFaNvUMyMBGnHdwvJgUrzNLoUZxXypxA==
  dependencies:
    "@babel/types" "^7.13.12"

"@babel/helper-module-transforms@^7.13.0", "@babel/helper-module-transforms@^7.13.14":
  version "7.13.14"
  resolved "https://registry.npmjs.org/@babel/helper-module-transforms/-/helper-module-transforms-7.13.14.tgz#e600652ba48ccb1641775413cb32cfa4e8b495ef"
  integrity sha512-QuU/OJ0iAOSIatyVZmfqB0lbkVP0kDRiKj34xy+QNsnVZi/PA6BoSoreeqnxxa9EHFAIL0R9XOaAR/G9WlIy5g==
  dependencies:
    "@babel/helper-module-imports" "^7.13.12"
    "@babel/helper-replace-supers" "^7.13.12"
    "@babel/helper-simple-access" "^7.13.12"
    "@babel/helper-split-export-declaration" "^7.12.13"
    "@babel/helper-validator-identifier" "^7.12.11"
    "@babel/template" "^7.12.13"
    "@babel/traverse" "^7.13.13"
    "@babel/types" "^7.13.14"

"@babel/helper-optimise-call-expression@^7.12.13":
  version "7.12.13"
  resolved "https://registry.npmjs.org/@babel/helper-optimise-call-expression/-/helper-optimise-call-expression-7.12.13.tgz#5c02d171b4c8615b1e7163f888c1c81c30a2aaea"
  integrity sha512-BdWQhoVJkp6nVjB7nkFWcn43dkprYauqtk++Py2eaf/GRDFm5BxRqEIZCiHlZUGAVmtwKcsVL1dC68WmzeFmiA==
  dependencies:
    "@babel/types" "^7.12.13"

"@babel/helper-plugin-utils@^7.0.0", "@babel/helper-plugin-utils@^7.10.4", "@babel/helper-plugin-utils@^7.12.13", "@babel/helper-plugin-utils@^7.13.0", "@babel/helper-plugin-utils@^7.8.0", "@babel/helper-plugin-utils@^7.8.3":
  version "7.13.0"
  resolved "https://registry.npmjs.org/@babel/helper-plugin-utils/-/helper-plugin-utils-7.13.0.tgz#806526ce125aed03373bc416a828321e3a6a33af"
  integrity sha512-ZPafIPSwzUlAoWT8DKs1W2VyF2gOWthGd5NGFMsBcMMol+ZhK+EQY/e6V96poa6PA/Bh+C9plWN0hXO1uB8AfQ==

"@babel/helper-remap-async-to-generator@^7.13.0":
  version "7.13.0"
  resolved "https://registry.npmjs.org/@babel/helper-remap-async-to-generator/-/helper-remap-async-to-generator-7.13.0.tgz#376a760d9f7b4b2077a9dd05aa9c3927cadb2209"
  integrity sha512-pUQpFBE9JvC9lrQbpX0TmeNIy5s7GnZjna2lhhcHC7DzgBs6fWn722Y5cfwgrtrqc7NAJwMvOa0mKhq6XaE4jg==
  dependencies:
    "@babel/helper-annotate-as-pure" "^7.12.13"
    "@babel/helper-wrap-function" "^7.13.0"
    "@babel/types" "^7.13.0"

"@babel/helper-replace-supers@^7.12.13", "@babel/helper-replace-supers@^7.13.0", "@babel/helper-replace-supers@^7.13.12":
  version "7.13.12"
  resolved "https://registry.npmjs.org/@babel/helper-replace-supers/-/helper-replace-supers-7.13.12.tgz#6442f4c1ad912502481a564a7386de0c77ff3804"
  integrity sha512-Gz1eiX+4yDO8mT+heB94aLVNCL+rbuT2xy4YfyNqu8F+OI6vMvJK891qGBTqL9Uc8wxEvRW92Id6G7sDen3fFw==
  dependencies:
    "@babel/helper-member-expression-to-functions" "^7.13.12"
    "@babel/helper-optimise-call-expression" "^7.12.13"
    "@babel/traverse" "^7.13.0"
    "@babel/types" "^7.13.12"

"@babel/helper-simple-access@^7.12.13", "@babel/helper-simple-access@^7.13.12":
  version "7.13.12"
  resolved "https://registry.npmjs.org/@babel/helper-simple-access/-/helper-simple-access-7.13.12.tgz#dd6c538afb61819d205a012c31792a39c7a5eaf6"
  integrity sha512-7FEjbrx5SL9cWvXioDbnlYTppcZGuCY6ow3/D5vMggb2Ywgu4dMrpTJX0JdQAIcRRUElOIxF3yEooa9gUb9ZbA==
  dependencies:
    "@babel/types" "^7.13.12"

"@babel/helper-skip-transparent-expression-wrappers@^7.12.1":
  version "7.12.1"
  resolved "https://registry.npmjs.org/@babel/helper-skip-transparent-expression-wrappers/-/helper-skip-transparent-expression-wrappers-7.12.1.tgz#462dc63a7e435ade8468385c63d2b84cce4b3cbf"
  integrity sha512-Mf5AUuhG1/OCChOJ/HcADmvcHM42WJockombn8ATJG3OnyiSxBK/Mm5x78BQWvmtXZKHgbjdGL2kin/HOLlZGA==
  dependencies:
    "@babel/types" "^7.12.1"

"@babel/helper-split-export-declaration@^7.12.13":
  version "7.12.13"
  resolved "https://registry.npmjs.org/@babel/helper-split-export-declaration/-/helper-split-export-declaration-7.12.13.tgz#e9430be00baf3e88b0e13e6f9d4eaf2136372b05"
  integrity sha512-tCJDltF83htUtXx5NLcaDqRmknv652ZWCHyoTETf1CXYJdPC7nohZohjUgieXhv0hTJdRf2FjDueFehdNucpzg==
  dependencies:
    "@babel/types" "^7.12.13"

"@babel/helper-validator-identifier@^7.12.11":
  version "7.12.11"
  resolved "https://registry.npmjs.org/@babel/helper-validator-identifier/-/helper-validator-identifier-7.12.11.tgz#c9a1f021917dcb5ccf0d4e453e399022981fc9ed"
  integrity sha512-np/lG3uARFybkoHokJUmf1QfEvRVCPbmQeUQpKow5cQ3xWrV9i3rUHodKDJPQfTVX61qKi+UdYk8kik84n7XOw==

"@babel/helper-validator-option@^7.12.17":
  version "7.12.17"
  resolved "https://registry.npmjs.org/@babel/helper-validator-option/-/helper-validator-option-7.12.17.tgz#d1fbf012e1a79b7eebbfdc6d270baaf8d9eb9831"
  integrity sha512-TopkMDmLzq8ngChwRlyjR6raKD6gMSae4JdYDB8bByKreQgG0RBTuKe9LRxW3wFtUnjxOPRKBDwEH6Mg5KeDfw==

"@babel/helper-wrap-function@^7.13.0":
  version "7.13.0"
  resolved "https://registry.npmjs.org/@babel/helper-wrap-function/-/helper-wrap-function-7.13.0.tgz#bdb5c66fda8526ec235ab894ad53a1235c79fcc4"
  integrity sha512-1UX9F7K3BS42fI6qd2A4BjKzgGjToscyZTdp1DjknHLCIvpgne6918io+aL5LXFcER/8QWiwpoY902pVEqgTXA==
  dependencies:
    "@babel/helper-function-name" "^7.12.13"
    "@babel/template" "^7.12.13"
    "@babel/traverse" "^7.13.0"
    "@babel/types" "^7.13.0"

"@babel/helpers@^7.13.16":
  version "7.13.17"
  resolved "https://registry.npmjs.org/@babel/helpers/-/helpers-7.13.17.tgz#b497c7a00e9719d5b613b8982bda6ed3ee94caf6"
  integrity sha512-Eal4Gce4kGijo1/TGJdqp3WuhllaMLSrW6XcL0ulyUAQOuxHcCafZE8KHg9857gcTehsm/v7RcOx2+jp0Ryjsg==
  dependencies:
    "@babel/template" "^7.12.13"
    "@babel/traverse" "^7.13.17"
    "@babel/types" "^7.13.17"

"@babel/highlight@^7.12.13":
  version "7.13.10"
  resolved "https://registry.npmjs.org/@babel/highlight/-/highlight-7.13.10.tgz#a8b2a66148f5b27d666b15d81774347a731d52d1"
  integrity sha512-5aPpe5XQPzflQrFwL1/QoeHkP2MsA4JCntcXHRhEsdsfPVkvPi2w7Qix4iV7t5S/oC9OodGrggd8aco1g3SZFg==
  dependencies:
    "@babel/helper-validator-identifier" "^7.12.11"
    chalk "^2.0.0"
    js-tokens "^4.0.0"

"@babel/highlight@^7.8.3":
  version "7.8.3"
  resolved "https://registry.npmjs.org/@babel/highlight/-/highlight-7.8.3.tgz#28f173d04223eaaa59bc1d439a3836e6d1265797"
  integrity sha512-PX4y5xQUvy0fnEVHrYOarRPXVWafSjTW9T0Hab8gVIawpl2Sj0ORyrygANq+KjcNlSSTw0YCLSNA8OyZ1I4yEg==
  dependencies:
    chalk "^2.0.0"
    esutils "^2.0.2"
    js-tokens "^4.0.0"

"@babel/parser@^7.1.0", "@babel/parser@^7.12.13", "@babel/parser@^7.13.16", "@babel/parser@^7.7.7":
  version "7.13.16"
  resolved "https://registry.npmjs.org/@babel/parser/-/parser-7.13.16.tgz#0f18179b0448e6939b1f3f5c4c355a3a9bcdfd37"
  integrity sha512-6bAg36mCwuqLO0hbR+z7PHuqWiCeP7Dzg73OpQwsAB1Eb8HnGEz5xYBzCfbu+YjoaJsJs+qheDxVAuqbt3ILEw==

"@babel/plugin-bugfix-v8-spread-parameters-in-optional-chaining@^7.13.12":
  version "7.13.12"
  resolved "https://registry.npmjs.org/@babel/plugin-bugfix-v8-spread-parameters-in-optional-chaining/-/plugin-bugfix-v8-spread-parameters-in-optional-chaining-7.13.12.tgz#a3484d84d0b549f3fc916b99ee4783f26fabad2a"
  integrity sha512-d0u3zWKcoZf379fOeJdr1a5WPDny4aOFZ6hlfKivgK0LY7ZxNfoaHL2fWwdGtHyVvra38FC+HVYkO+byfSA8AQ==

    "@babel/helper-create-class-features-plugin" "^7.13.0"
    "@babel/helper-plugin-utils" "^7.13.0"

"@babel/plugin-proposal-decorators@^7.8.3":
  version "7.13.15"
  resolved "https://registry.npmjs.org/@babel/plugin-proposal-decorators/-/plugin-proposal-decorators-7.13.15.tgz#e91ccfef2dc24dd5bd5dcc9fc9e2557c684ecfb8"
  integrity sha512-ibAMAqUm97yzi+LPgdr5Nqb9CMkeieGHvwPg1ywSGjZrZHQEGqE01HmOio8kxRpA/+VtOHouIVy2FMpBbtltjA==
  dependencies:
    "@babel/helper-create-class-features-plugin" "^7.13.11"
    "@babel/helper-plugin-utils" "^7.13.0"
    "@babel/plugin-syntax-decorators" "^7.12.13"

yargs-parser@10.x, yargs-parser@18.x, yargs-parser@^13.1.2, yargs-parser@^15.0.1, yargs-parser@^18.1.2, yargs-parser@^8.1.0, yargs-parser@^9.0.2:
  version "15.0.1"
  resolved "https://registry.npmjs.org/yargs-parser/-/yargs-parser-15.0.1.tgz#54786af40b820dcb2fb8025b11b4d659d76323b3"
  integrity sha512-0OAMV2mAZQrs3FkNpDQcBk1x5HXb8X4twADss4S0Iuk+2dGnLOE/fRHrsYm542GduMveyA77OF4wrNJuanRCWw==
  dependencies:
    camelcase "^5.0.0"
    decamelize "^1.2.0"

yargs@^10.0.3:
  version "10.1.2"
  resolved "https://registry.npmjs.org/yargs/-/yargs-10.1.2.tgz#454d074c2b16a51a43e2fb7807e4f9de69ccb5c5"
  integrity sha512-ivSoxqBGYOqQVruxD35+EyCFDYNEFL/Uo6FcOnz+9xZdZzK0Zzw4r4KhbrME1Oo2gOggwJod2MnsdamSG7H9ig==
  dependencies:
    cliui "^4.0.0"
    decamelize "^1.1.1"
    find-up "^2.1.0"
    get-caller-file "^1.0.1"
    os-locale "^2.0.0"
    require-directory "^2.1.1"
    require-main-filename "^1.0.1"
    set-blocking "^2.0.0"
    string-width "^2.0.0"
    which-module "^2.0.0"
    y18n "^3.2.1"
    yargs-parser "^8.1.0"

yargs@^11.1.1:
  version "11.1.1"
  resolved "https://registry.npmjs.org/yargs/-/yargs-11.1.1.tgz#5052efe3446a4df5ed669c995886cc0f13702766"
  integrity sha512-PRU7gJrJaXv3q3yQZ/+/X6KBswZiaQ+zOmdprZcouPYtQgvNU35i+68M4b1ZHLZtYFT5QObFLV+ZkmJYcwKdiw==
  dependencies:
    cliui "^4.0.0"
    decamelize "^1.1.1"
    find-up "^2.1.0"
    get-caller-file "^1.0.1"
    os-locale "^3.1.0"
    require-directory "^2.1.1"
    require-main-filename "^1.0.1"
    set-blocking "^2.0.0"
    string-width "^2.0.0"
    which-module "^2.0.0"
    y18n "^3.2.1"
    yargs-parser "^9.0.2"

yargs@^13.3.2:
  version "13.3.2"
  resolved "https://registry.npmjs.org/yargs/-/yargs-13.3.2.tgz#ad7ffefec1aa59565ac915f82dccb38a9c31a2dd"
  integrity sha512-AX3Zw5iPruN5ie6xGRIDgqkT+ZhnRlZMLMHAs8tg7nRruy2Nb+i5o9bwghAogtM08q1dpr2LVoS8KSTMYpWXUw==
  dependencies:
    cliui "^5.0.0"
    find-up "^3.0.0"
    get-caller-file "^2.0.1"
    require-directory "^2.1.1"
    require-main-filename "^2.0.0"
    set-blocking "^2.0.0"
    string-width "^3.0.0"
    which-module "^2.0.0"
    y18n "^4.0.0"
    yargs-parser "^13.1.2"

yargs@^15.0.2, yargs@^15.3.1, yargs@^15.4.1:
  version "15.4.1"
  resolved "https://registry.npmjs.org/yargs/-/yargs-15.4.1.tgz#0d87a16de01aee9d8bec2bfbf74f67851730f4f8"
  integrity sha512-aePbxDmcYW++PaqBsJ+HYUFwCdv4LVvdnhBy78E57PIor8/OVvhMrADFFEDh8DHDFRv/O9i3lPhsENjO7QX0+A==
  dependencies:
    cliui "^6.0.0"
    decamelize "^1.2.0"
    find-up "^4.1.0"
    get-caller-file "^2.0.1"
    require-directory "^2.1.1"
    require-main-filename "^2.0.0"
    set-blocking "^2.0.0"
    string-width "^4.2.0"
    which-module "^2.0.0"
    y18n "^4.0.0"
    yargs-parser "^18.1.2"

yauzl@2.10.0, yauzl@^2.4.2:
  version "2.10.0"
  resolved "https://registry.npmjs.org/yauzl/-/yauzl-2.10.0.tgz#c7eb17c93e112cb1086fa6d8e51fb0667b79a5f9"
  integrity sha1-x+sXyT4RLLEIb6bY5R+wZnt5pfk=
  dependencies:
    buffer-crc32 "~0.2.3"
    fd-slicer "~1.1.0"

yauzl@2.4.1:
  version "2.4.1"
  resolved "https://registry.npmjs.org/yauzl/-/yauzl-2.4.1.tgz#9528f442dab1b2284e58b4379bb194e22e0c4005"
  integrity sha1-lSj0QtqxsihOWLQ3m7GU4i4MQAU=
  dependencies:
    fd-slicer "~1.0.1"

yn@3.1.1:
  version "3.1.1"
  resolved "https://registry.npmjs.org/yn/-/yn-3.1.1.tgz#1e87401a09d767c1d5eab26a6e4c185182d2eb50"
  integrity sha512-Ux4ygGWsu2c7isFWe8Yu1YluJmqVhxqK2cLXNQA5AcC3QfbGNpM7fu0Y8b/z16pXLnFxZYvWhd3fhBY9DLmC6Q==
